// !$*UTF8*$!
{
	archiveVersion = 1;
	classes = {
	};
	objectVersion = 46;
	objects = {

/* Begin PBXBuildFile section */
		908B5200E64648428498611D /* libPods-WeexPluginCalendar.a in Frameworks */ = {isa = PBXBuildFile; fileRef = 5C9E50106ACA92665B6B1172 /* libPods-WeexPluginCalendar.a */; };
		C046D76E1F20A160002B6824 /* DIYCalendarCell.h in Headers */ = {isa = PBXBuildFile; fileRef = C046D7061F20A15F002B6824 /* DIYCalendarCell.h */; };
		C046D76F1F20A160002B6824 /* DIYCalendarCell.m in Sources */ = {isa = PBXBuildFile; fileRef = C046D7071F20A15F002B6824 /* DIYCalendarCell.m */; };
		C046D7701F20A160002B6824 /* FSCalendar.h in Headers */ = {isa = PBXBuildFile; fileRef = C046D7081F20A15F002B6824 /* FSCalendar.h */; };
		C046D7711F20A160002B6824 /* FSCalendar.m in Sources */ = {isa = PBXBuildFile; fileRef = C046D7091F20A15F002B6824 /* FSCalendar.m */; };
		C046D7721F20A160002B6824 /* FSCalendar+Deprecated.m in Sources */ = {isa = PBXBuildFile; fileRef = C046D70A1F20A15F002B6824 /* FSCalendar+Deprecated.m */; };
		C046D7731F20A160002B6824 /* FSCalendarAppearance.h in Headers */ = {isa = PBXBuildFile; fileRef = C046D70B1F20A15F002B6824 /* FSCalendarAppearance.h */; };
		C046D7741F20A160002B6824 /* FSCalendarAppearance.m in Sources */ = {isa = PBXBuildFile; fileRef = C046D70C1F20A15F002B6824 /* FSCalendarAppearance.m */; };
		C046D7751F20A160002B6824 /* FSCalendarCalculator.h in Headers */ = {isa = PBXBuildFile; fileRef = C046D70D1F20A15F002B6824 /* FSCalendarCalculator.h */; };
		C046D7761F20A160002B6824 /* FSCalendarCalculator.m in Sources */ = {isa = PBXBuildFile; fileRef = C046D70E1F20A15F002B6824 /* FSCalendarCalculator.m */; };
		C046D7771F20A160002B6824 /* FSCalendarCell.h in Headers */ = {isa = PBXBuildFile; fileRef = C046D70F1F20A15F002B6824 /* FSCalendarCell.h */; };
		C046D7781F20A160002B6824 /* FSCalendarCell.m in Sources */ = {isa = PBXBuildFile; fileRef = C046D7101F20A15F002B6824 /* FSCalendarCell.m */; };
		C046D7791F20A160002B6824 /* FSCalendarCollectionView.h in Headers */ = {isa = PBXBuildFile; fileRef = C046D7111F20A15F002B6824 /* FSCalendarCollectionView.h */; };
		C046D77A1F20A160002B6824 /* FSCalendarCollectionView.m in Sources */ = {isa = PBXBuildFile; fileRef = C046D7121F20A15F002B6824 /* FSCalendarCollectionView.m */; };
		C046D77B1F20A160002B6824 /* FSCalendarCollectionViewLayout.h in Headers */ = {isa = PBXBuildFile; fileRef = C046D7131F20A15F002B6824 /* FSCalendarCollectionViewLayout.h */; };
		C046D77C1F20A160002B6824 /* FSCalendarCollectionViewLayout.m in Sources */ = {isa = PBXBuildFile; fileRef = C046D7141F20A15F002B6824 /* FSCalendarCollectionViewLayout.m */; };
		C046D77D1F20A160002B6824 /* FSCalendarConstants.h in Headers */ = {isa = PBXBuildFile; fileRef = C046D7151F20A15F002B6824 /* FSCalendarConstants.h */; };
		C046D77E1F20A160002B6824 /* FSCalendarConstants.m in Sources */ = {isa = PBXBuildFile; fileRef = C046D7161F20A15F002B6824 /* FSCalendarConstants.m */; };
		C046D77F1F20A160002B6824 /* FSCalendarDelegationFactory.h in Headers */ = {isa = PBXBuildFile; fileRef = C046D7171F20A15F002B6824 /* FSCalendarDelegationFactory.h */; };
		C046D7801F20A160002B6824 /* FSCalendarDelegationFactory.m in Sources */ = {isa = PBXBuildFile; fileRef = C046D7181F20A15F002B6824 /* FSCalendarDelegationFactory.m */; };
		C046D7811F20A160002B6824 /* FSCalendarDelegationProxy.h in Headers */ = {isa = PBXBuildFile; fileRef = C046D7191F20A15F002B6824 /* FSCalendarDelegationProxy.h */; };
		C046D7821F20A160002B6824 /* FSCalendarDelegationProxy.m in Sources */ = {isa = PBXBuildFile; fileRef = C046D71A1F20A15F002B6824 /* FSCalendarDelegationProxy.m */; };
		C046D7831F20A160002B6824 /* FSCalendarDynamicHeader.h in Headers */ = {isa = PBXBuildFile; fileRef = C046D71B1F20A160002B6824 /* FSCalendarDynamicHeader.h */; };
		C046D7841F20A160002B6824 /* FSCalendarExtensions.h in Headers */ = {isa = PBXBuildFile; fileRef = C046D71C1F20A160002B6824 /* FSCalendarExtensions.h */; };
		C046D7851F20A160002B6824 /* FSCalendarExtensions.m in Sources */ = {isa = PBXBuildFile; fileRef = C046D71D1F20A160002B6824 /* FSCalendarExtensions.m */; };
		C046D7861F20A160002B6824 /* FSCalendarHeaderView.h in Headers */ = {isa = PBXBuildFile; fileRef = C046D71E1F20A160002B6824 /* FSCalendarHeaderView.h */; };
		C046D7871F20A160002B6824 /* FSCalendarHeaderView.m in Sources */ = {isa = PBXBuildFile; fileRef = C046D71F1F20A160002B6824 /* FSCalendarHeaderView.m */; };
		C046D7881F20A160002B6824 /* FSCalendarScopeHandle.h in Headers */ = {isa = PBXBuildFile; fileRef = C046D7201F20A160002B6824 /* FSCalendarScopeHandle.h */; };
		C046D7891F20A160002B6824 /* FSCalendarScopeHandle.m in Sources */ = {isa = PBXBuildFile; fileRef = C046D7211F20A160002B6824 /* FSCalendarScopeHandle.m */; };
		C046D78A1F20A160002B6824 /* FSCalendarStickyHeader.h in Headers */ = {isa = PBXBuildFile; fileRef = C046D7221F20A160002B6824 /* FSCalendarStickyHeader.h */; };
		C046D78B1F20A160002B6824 /* FSCalendarStickyHeader.m in Sources */ = {isa = PBXBuildFile; fileRef = C046D7231F20A160002B6824 /* FSCalendarStickyHeader.m */; };
		C046D78C1F20A160002B6824 /* FSCalendarTransitionCoordinator.h in Headers */ = {isa = PBXBuildFile; fileRef = C046D7241F20A160002B6824 /* FSCalendarTransitionCoordinator.h */; };
		C046D78D1F20A160002B6824 /* FSCalendarTransitionCoordinator.m in Sources */ = {isa = PBXBuildFile; fileRef = C046D7251F20A160002B6824 /* FSCalendarTransitionCoordinator.m */; };
		C046D78E1F20A160002B6824 /* FSCalendarWeekdayView.h in Headers */ = {isa = PBXBuildFile; fileRef = C046D7261F20A160002B6824 /* FSCalendarWeekdayView.h */; };
		C046D78F1F20A160002B6824 /* FSCalendarWeekdayView.m in Sources */ = {isa = PBXBuildFile; fileRef = C046D7271F20A160002B6824 /* FSCalendarWeekdayView.m */; };
		C046D7901F20A160002B6824 /* MVBaseTableViewCell.h in Headers */ = {isa = PBXBuildFile; fileRef = C046D7281F20A160002B6824 /* MVBaseTableViewCell.h */; };
		C046D7911F20A160002B6824 /* MVBaseTableViewCell.m in Sources */ = {isa = PBXBuildFile; fileRef = C046D7291F20A160002B6824 /* MVBaseTableViewCell.m */; };
		C046D7921F20A160002B6824 /* MVNode.h in Headers */ = {isa = PBXBuildFile; fileRef = C046D72A1F20A160002B6824 /* MVNode.h */; };
		C046D7931F20A160002B6824 /* MVNode.m in Sources */ = {isa = PBXBuildFile; fileRef = C046D72B1F20A160002B6824 /* MVNode.m */; };
		C046D7941F20A160002B6824 /* MVPCalenarConfigModel.h in Headers */ = {isa = PBXBuildFile; fileRef = C046D72C1F20A160002B6824 /* MVPCalenarConfigModel.h */; };
		C046D7951F20A160002B6824 /* MVPCalenarConfigModel.m in Sources */ = {isa = PBXBuildFile; fileRef = C046D72D1F20A160002B6824 /* MVPCalenarConfigModel.m */; };
		C046D7961F20A160002B6824 /* MVPCalendarConfigModel.h in Headers */ = {isa = PBXBuildFile; fileRef = C046D72E1F20A160002B6824 /* MVPCalendarConfigModel.h */; };
		C046D7971F20A160002B6824 /* MVPCalendarConfigModel.m in Sources */ = {isa = PBXBuildFile; fileRef = C046D72F1F20A160002B6824 /* MVPCalendarConfigModel.m */; };
		C046D7981F20A160002B6824 /* MVPCalendarCustomViewController.h in Headers */ = {isa = PBXBuildFile; fileRef = C046D7301F20A160002B6824 /* MVPCalendarCustomViewController.h */; };
		C046D7991F20A160002B6824 /* MVPCalendarCustomViewController.m in Sources */ = {isa = PBXBuildFile; fileRef = C046D7311F20A160002B6824 /* MVPCalendarCustomViewController.m */; };
		C046D79A1F20A160002B6824 /* MVPCalendarDataSourceTools.h in Headers */ = {isa = PBXBuildFile; fileRef = C046D7321F20A160002B6824 /* MVPCalendarDataSourceTools.h */; };
		C046D79B1F20A160002B6824 /* MVPCalendarDataSourceTools.m in Sources */ = {isa = PBXBuildFile; fileRef = C046D7331F20A160002B6824 /* MVPCalendarDataSourceTools.m */; };
		C046D79C1F20A160002B6824 /* MVPCalendarMonthViewController.h in Headers */ = {isa = PBXBuildFile; fileRef = C046D7341F20A160002B6824 /* MVPCalendarMonthViewController.h */; };
		C046D79D1F20A160002B6824 /* MVPCalendarMonthViewController.m in Sources */ = {isa = PBXBuildFile; fileRef = C046D7351F20A160002B6824 /* MVPCalendarMonthViewController.m */; };
		C046D79E1F20A160002B6824 /* MVPCalendarResultModel.h in Headers */ = {isa = PBXBuildFile; fileRef = C046D7361F20A160002B6824 /* MVPCalendarResultModel.h */; };
		C046D79F1F20A160002B6824 /* MVPCalendarResultModel.m in Sources */ = {isa = PBXBuildFile; fileRef = C046D7371F20A160002B6824 /* MVPCalendarResultModel.m */; };
		C046D7A01F20A160002B6824 /* MVPCalendarRootViewController.h in Headers */ = {isa = PBXBuildFile; fileRef = C046D7381F20A160002B6824 /* MVPCalendarRootViewController.h */; };
		C046D7A11F20A160002B6824 /* MVPCalendarRootViewController.m in Sources */ = {isa = PBXBuildFile; fileRef = C046D7391F20A160002B6824 /* MVPCalendarRootViewController.m */; };
		C046D7A21F20A160002B6824 /* MVPCalendarShadeView.h in Headers */ = {isa = PBXBuildFile; fileRef = C046D73A1F20A160002B6824 /* MVPCalendarShadeView.h */; };
		C046D7A31F20A160002B6824 /* MVPCalendarShadeView.m in Sources */ = {isa = PBXBuildFile; fileRef = C046D73B1F20A160002B6824 /* MVPCalendarShadeView.m */; };
		C046D7A41F20A160002B6824 /* MVPCalendarTransformFestival.h in Headers */ = {isa = PBXBuildFile; fileRef = C046D73C1F20A160002B6824 /* MVPCalendarTransformFestival.h */; };
		C046D7A51F20A160002B6824 /* MVPCalendarTransformFestival.m in Sources */ = {isa = PBXBuildFile; fileRef = C046D73D1F20A160002B6824 /* MVPCalendarTransformFestival.m */; };
		C046D7A61F20A160002B6824 /* MVPCalendarViewController.h in Headers */ = {isa = PBXBuildFile; fileRef = C046D73E1F20A160002B6824 /* MVPCalendarViewController.h */; };
		C046D7A71F20A160002B6824 /* MVPCalendarViewController.m in Sources */ = {isa = PBXBuildFile; fileRef = C046D73F1F20A160002B6824 /* MVPCalendarViewController.m */; };
		C046D7A81F20A160002B6824 /* MVPCalendarWeekViewController.h in Headers */ = {isa = PBXBuildFile; fileRef = C046D7401F20A160002B6824 /* MVPCalendarWeekViewController.h */; };
		C046D7A91F20A160002B6824 /* MVPCalendarWeekViewController.m in Sources */ = {isa = PBXBuildFile; fileRef = C046D7411F20A160002B6824 /* MVPCalendarWeekViewController.m */; };
		C046D7AA1F20A160002B6824 /* MVPCalendarYearViewController.h in Headers */ = {isa = PBXBuildFile; fileRef = C046D7421F20A160002B6824 /* MVPCalendarYearViewController.h */; };
		C046D7AB1F20A160002B6824 /* MVPCalendarYearViewController.m in Sources */ = {isa = PBXBuildFile; fileRef = C046D7431F20A160002B6824 /* MVPCalendarYearViewController.m */; };
		C046D7AC1F20A160002B6824 /* MVPCommonUtils.h in Headers */ = {isa = PBXBuildFile; fileRef = C046D7441F20A160002B6824 /* MVPCommonUtils.h */; };
		C046D7AD1F20A160002B6824 /* MVPCommonUtils.m in Sources */ = {isa = PBXBuildFile; fileRef = C046D7451F20A160002B6824 /* MVPCommonUtils.m */; };
		C046D7AE1F20A160002B6824 /* MVPConfirmMenuView.h in Headers */ = {isa = PBXBuildFile; fileRef = C046D7461F20A160002B6824 /* MVPConfirmMenuView.h */; };
		C046D7AF1F20A160002B6824 /* MVPConfirmMenuView.m in Sources */ = {isa = PBXBuildFile; fileRef = C046D7471F20A160002B6824 /* MVPConfirmMenuView.m */; };
		C046D7B01F20A160002B6824 /* MVPExtTableRow.h in Headers */ = {isa = PBXBuildFile; fileRef = C046D7481F20A160002B6824 /* MVPExtTableRow.h */; };
		C046D7B11F20A160002B6824 /* MVPExtTableRow.m in Sources */ = {isa = PBXBuildFile; fileRef = C046D7491F20A160002B6824 /* MVPExtTableRow.m */; };
		C046D7B21F20A160002B6824 /* MVPScheduleModel.h in Headers */ = {isa = PBXBuildFile; fileRef = C046D74A1F20A160002B6824 /* MVPScheduleModel.h */; };
		C046D7B31F20A160002B6824 /* MVPScheduleModel.m in Sources */ = {isa = PBXBuildFile; fileRef = C046D74B1F20A160002B6824 /* MVPScheduleModel.m */; };
		C046D7B41F20A160002B6824 /* MVPScopeModel.h in Headers */ = {isa = PBXBuildFile; fileRef = C046D74C1F20A160002B6824 /* MVPScopeModel.h */; };
		C046D7B51F20A160002B6824 /* MVPScopeModel.m in Sources */ = {isa = PBXBuildFile; fileRef = C046D74D1F20A160002B6824 /* MVPScopeModel.m */; };
		C046D7B61F20A160002B6824 /* MVPWeekTitleView.h in Headers */ = {isa = PBXBuildFile; fileRef = C046D74E1F20A160002B6824 /* MVPWeekTitleView.h */; };
		C046D7B71F20A160002B6824 /* MVPWeekTitleView.m in Sources */ = {isa = PBXBuildFile; fileRef = C046D74F1F20A160002B6824 /* MVPWeekTitleView.m */; };
		C046D7B81F20A160002B6824 /* MVPYearCell.h in Headers */ = {isa = PBXBuildFile; fileRef = C046D7501F20A160002B6824 /* MVPYearCell.h */; };
		C046D7B91F20A160002B6824 /* MVPYearCell.m in Sources */ = {isa = PBXBuildFile; fileRef = C046D7511F20A160002B6824 /* MVPYearCell.m */; };
		C046D7BA1F20A160002B6824 /* MVPYearRow.h in Headers */ = {isa = PBXBuildFile; fileRef = C046D7521F20A160002B6824 /* MVPYearRow.h */; };
		C046D7BB1F20A160002B6824 /* MVPYearRow.m in Sources */ = {isa = PBXBuildFile; fileRef = C046D7531F20A160002B6824 /* MVPYearRow.m */; };
		C046D7BC1F20A160002B6824 /* MVPYearSection.h in Headers */ = {isa = PBXBuildFile; fileRef = C046D7541F20A160002B6824 /* MVPYearSection.h */; };
		C046D7BD1F20A160002B6824 /* MVPYearSection.m in Sources */ = {isa = PBXBuildFile; fileRef = C046D7551F20A160002B6824 /* MVPYearSection.m */; };
		C046D7BE1F20A160002B6824 /* MVSegmentControl.h in Headers */ = {isa = PBXBuildFile; fileRef = C046D7561F20A160002B6824 /* MVSegmentControl.h */; };
		C046D7BF1F20A160002B6824 /* MVSegmentControl.m in Sources */ = {isa = PBXBuildFile; fileRef = C046D7571F20A160002B6824 /* MVSegmentControl.m */; };
		C046D7C01F20A160002B6824 /* MVSmoothSegmentControl.h in Headers */ = {isa = PBXBuildFile; fileRef = C046D7581F20A160002B6824 /* MVSmoothSegmentControl.h */; };
		C046D7C11F20A160002B6824 /* MVSmoothSegmentControl.m in Sources */ = {isa = PBXBuildFile; fileRef = C046D7591F20A160002B6824 /* MVSmoothSegmentControl.m */; };
		C046D7C21F20A160002B6824 /* MVTableBaseRow.h in Headers */ = {isa = PBXBuildFile; fileRef = C046D75A1F20A160002B6824 /* MVTableBaseRow.h */; };
		C046D7C31F20A160002B6824 /* MVTableBaseRow.m in Sources */ = {isa = PBXBuildFile; fileRef = C046D75B1F20A160002B6824 /* MVTableBaseRow.m */; };
		C046D7C41F20A160002B6824 /* MVTableRow.h in Headers */ = {isa = PBXBuildFile; fileRef = C046D75C1F20A160002B6824 /* MVTableRow.h */; };
		C046D7C51F20A160002B6824 /* MVTableRow.m in Sources */ = {isa = PBXBuildFile; fileRef = C046D75D1F20A160002B6824 /* MVTableRow.m */; };
		C046D7C61F20A160002B6824 /* MVTableSection.h in Headers */ = {isa = PBXBuildFile; fileRef = C046D75E1F20A160002B6824 /* MVTableSection.h */; };
		C046D7C71F20A160002B6824 /* MVTableSection.m in Sources */ = {isa = PBXBuildFile; fileRef = C046D75F1F20A160002B6824 /* MVTableSection.m */; };
		C046D7C81F20A160002B6824 /* MVTableView.h in Headers */ = {isa = PBXBuildFile; fileRef = C046D7601F20A160002B6824 /* MVTableView.h */; };
		C046D7C91F20A160002B6824 /* MVTableView.m in Sources */ = {isa = PBXBuildFile; fileRef = C046D7611F20A160002B6824 /* MVTableView.m */; };
		C046D7CA1F20A160002B6824 /* MVTableViewDataSource.h in Headers */ = {isa = PBXBuildFile; fileRef = C046D7621F20A160002B6824 /* MVTableViewDataSource.h */; };
		C046D7CB1F20A160002B6824 /* MVTableViewDataSource.m in Sources */ = {isa = PBXBuildFile; fileRef = C046D7631F20A160002B6824 /* MVTableViewDataSource.m */; };
		C046D7CC1F20A160002B6824 /* MVTableViewDelegateProxy.h in Headers */ = {isa = PBXBuildFile; fileRef = C046D7641F20A160002B6824 /* MVTableViewDelegateProxy.h */; };
		C046D7CD1F20A160002B6824 /* MVTableViewDelegateProxy.m in Sources */ = {isa = PBXBuildFile; fileRef = C046D7651F20A160002B6824 /* MVTableViewDelegateProxy.m */; };
		C046D7CE1F20A160002B6824 /* MVXibBasedTableRow.h in Headers */ = {isa = PBXBuildFile; fileRef = C046D7661F20A160002B6824 /* MVXibBasedTableRow.h */; };
		C046D7CF1F20A160002B6824 /* MVXibBasedTableRow.m in Sources */ = {isa = PBXBuildFile; fileRef = C046D7671F20A160002B6824 /* MVXibBasedTableRow.m */; };
		C046D7D01F20A160002B6824 /* NSArray+SHYUtil.h in Headers */ = {isa = PBXBuildFile; fileRef = C046D7681F20A160002B6824 /* NSArray+SHYUtil.h */; };
		C046D7D11F20A160002B6824 /* NSArray+SHYUtil.m in Sources */ = {isa = PBXBuildFile; fileRef = C046D7691F20A160002B6824 /* NSArray+SHYUtil.m */; };
		C046D7D21F20A160002B6824 /* NSString+SHYUtil.h in Headers */ = {isa = PBXBuildFile; fileRef = C046D76A1F20A160002B6824 /* NSString+SHYUtil.h */; };
		C046D7D31F20A160002B6824 /* NSString+SHYUtil.m in Sources */ = {isa = PBXBuildFile; fileRef = C046D76B1F20A160002B6824 /* NSString+SHYUtil.m */; };
		C046D7D41F20A160002B6824 /* UIColor+SHYUtil.h in Headers */ = {isa = PBXBuildFile; fileRef = C046D76C1F20A160002B6824 /* UIColor+SHYUtil.h */; };
		C046D7D51F20A160002B6824 /* UIColor+SHYUtil.m in Sources */ = {isa = PBXBuildFile; fileRef = C046D76D1F20A160002B6824 /* UIColor+SHYUtil.m */; };
		C45843F01E84EF7B00D88C0B /* Info.plist in Resources */ = {isa = PBXBuildFile; fileRef = C45843EF1E84EF7B00D88C0B /* Info.plist */; };
		C45843FC1E84F39100D88C0B /* WeexPluginCalendarModule.h in Headers */ = {isa = PBXBuildFile; fileRef = C45843F61E84F39100D88C0B /* WeexPluginCalendarModule.h */; settings = {ATTRIBUTES = (Public, ); }; };
		C45843FD1E84F39100D88C0B /* WeexPluginCalendarModule.m in Sources */ = {isa = PBXBuildFile; fileRef = C45843F71E84F39100D88C0B /* WeexPluginCalendarModule.m */; };
/* End PBXBuildFile section */

/* Begin PBXFileReference section */
		0F1C92092FF9562A4B475501 /* Pods-WeexPluginCalendar.debug.xcconfig */ = {isa = PBXFileReference; includeInIndex = 1; lastKnownFileType = text.xcconfig; name = "Pods-WeexPluginCalendar.debug.xcconfig"; path = "Pods/Target Support Files/Pods-WeexPluginCalendar/Pods-WeexPluginCalendar.debug.xcconfig"; sourceTree = "<group>"; };
		5C9E50106ACA92665B6B1172 /* libPods-WeexPluginCalendar.a */ = {isa = PBXFileReference; explicitFileType = archive.ar; includeInIndex = 0; path = "libPods-WeexPluginCalendar.a"; sourceTree = BUILT_PRODUCTS_DIR; };
		87F9AEB97654FF7EEA032F16 /* Pods-WeexPluginCalendar.release.xcconfig */ = {isa = PBXFileReference; includeInIndex = 1; lastKnownFileType = text.xcconfig; name = "Pods-WeexPluginCalendar.release.xcconfig"; path = "Pods/Target Support Files/Pods-WeexPluginCalendar/Pods-WeexPluginCalendar.release.xcconfig"; sourceTree = "<group>"; };
		C046D7061F20A15F002B6824 /* DIYCalendarCell.h */ = {isa = PBXFileReference; fileEncoding = 4; lastKnownFileType = sourcecode.c.h; path = DIYCalendarCell.h; sourceTree = "<group>"; };
		C046D7071F20A15F002B6824 /* DIYCalendarCell.m */ = {isa = PBXFileReference; fileEncoding = 4; lastKnownFileType = sourcecode.c.objc; path = DIYCalendarCell.m; sourceTree = "<group>"; };
		C046D7081F20A15F002B6824 /* FSCalendar.h */ = {isa = PBXFileReference; fileEncoding = 4; lastKnownFileType = sourcecode.c.h; path = FSCalendar.h; sourceTree = "<group>"; };
		C046D7091F20A15F002B6824 /* FSCalendar.m */ = {isa = PBXFileReference; fileEncoding = 4; lastKnownFileType = sourcecode.c.objc; path = FSCalendar.m; sourceTree = "<group>"; };
		C046D70A1F20A15F002B6824 /* FSCalendar+Deprecated.m */ = {isa = PBXFileReference; fileEncoding = 4; lastKnownFileType = sourcecode.c.objc; path = "FSCalendar+Deprecated.m"; sourceTree = "<group>"; };
		C046D70B1F20A15F002B6824 /* FSCalendarAppearance.h */ = {isa = PBXFileReference; fileEncoding = 4; lastKnownFileType = sourcecode.c.h; path = FSCalendarAppearance.h; sourceTree = "<group>"; };
		C046D70C1F20A15F002B6824 /* FSCalendarAppearance.m */ = {isa = PBXFileReference; fileEncoding = 4; lastKnownFileType = sourcecode.c.objc; path = FSCalendarAppearance.m; sourceTree = "<group>"; };
		C046D70D1F20A15F002B6824 /* FSCalendarCalculator.h */ = {isa = PBXFileReference; fileEncoding = 4; lastKnownFileType = sourcecode.c.h; path = FSCalendarCalculator.h; sourceTree = "<group>"; };
		C046D70E1F20A15F002B6824 /* FSCalendarCalculator.m */ = {isa = PBXFileReference; fileEncoding = 4; lastKnownFileType = sourcecode.c.objc; path = FSCalendarCalculator.m; sourceTree = "<group>"; };
		C046D70F1F20A15F002B6824 /* FSCalendarCell.h */ = {isa = PBXFileReference; fileEncoding = 4; lastKnownFileType = sourcecode.c.h; path = FSCalendarCell.h; sourceTree = "<group>"; };
		C046D7101F20A15F002B6824 /* FSCalendarCell.m */ = {isa = PBXFileReference; fileEncoding = 4; lastKnownFileType = sourcecode.c.objc; path = FSCalendarCell.m; sourceTree = "<group>"; };
		C046D7111F20A15F002B6824 /* FSCalendarCollectionView.h */ = {isa = PBXFileReference; fileEncoding = 4; lastKnownFileType = sourcecode.c.h; path = FSCalendarCollectionView.h; sourceTree = "<group>"; };
		C046D7121F20A15F002B6824 /* FSCalendarCollectionView.m */ = {isa = PBXFileReference; fileEncoding = 4; lastKnownFileType = sourcecode.c.objc; path = FSCalendarCollectionView.m; sourceTree = "<group>"; };
		C046D7131F20A15F002B6824 /* FSCalendarCollectionViewLayout.h */ = {isa = PBXFileReference; fileEncoding = 4; lastKnownFileType = sourcecode.c.h; path = FSCalendarCollectionViewLayout.h; sourceTree = "<group>"; };
		C046D7141F20A15F002B6824 /* FSCalendarCollectionViewLayout.m */ = {isa = PBXFileReference; fileEncoding = 4; lastKnownFileType = sourcecode.c.objc; path = FSCalendarCollectionViewLayout.m; sourceTree = "<group>"; };
		C046D7151F20A15F002B6824 /* FSCalendarConstants.h */ = {isa = PBXFileReference; fileEncoding = 4; lastKnownFileType = sourcecode.c.h; path = FSCalendarConstants.h; sourceTree = "<group>"; };
		C046D7161F20A15F002B6824 /* FSCalendarConstants.m */ = {isa = PBXFileReference; fileEncoding = 4; lastKnownFileType = sourcecode.c.objc; path = FSCalendarConstants.m; sourceTree = "<group>"; };
		C046D7171F20A15F002B6824 /* FSCalendarDelegationFactory.h */ = {isa = PBXFileReference; fileEncoding = 4; lastKnownFileType = sourcecode.c.h; path = FSCalendarDelegationFactory.h; sourceTree = "<group>"; };
		C046D7181F20A15F002B6824 /* FSCalendarDelegationFactory.m */ = {isa = PBXFileReference; fileEncoding = 4; lastKnownFileType = sourcecode.c.objc; path = FSCalendarDelegationFactory.m; sourceTree = "<group>"; };
		C046D7191F20A15F002B6824 /* FSCalendarDelegationProxy.h */ = {isa = PBXFileReference; fileEncoding = 4; lastKnownFileType = sourcecode.c.h; path = FSCalendarDelegationProxy.h; sourceTree = "<group>"; };
		C046D71A1F20A15F002B6824 /* FSCalendarDelegationProxy.m */ = {isa = PBXFileReference; fileEncoding = 4; lastKnownFileType = sourcecode.c.objc; path = FSCalendarDelegationProxy.m; sourceTree = "<group>"; };
		C046D71B1F20A160002B6824 /* FSCalendarDynamicHeader.h */ = {isa = PBXFileReference; fileEncoding = 4; lastKnownFileType = sourcecode.c.h; path = FSCalendarDynamicHeader.h; sourceTree = "<group>"; };
		C046D71C1F20A160002B6824 /* FSCalendarExtensions.h */ = {isa = PBXFileReference; fileEncoding = 4; lastKnownFileType = sourcecode.c.h; path = FSCalendarExtensions.h; sourceTree = "<group>"; };
		C046D71D1F20A160002B6824 /* FSCalendarExtensions.m */ = {isa = PBXFileReference; fileEncoding = 4; lastKnownFileType = sourcecode.c.objc; path = FSCalendarExtensions.m; sourceTree = "<group>"; };
		C046D71E1F20A160002B6824 /* FSCalendarHeaderView.h */ = {isa = PBXFileReference; fileEncoding = 4; lastKnownFileType = sourcecode.c.h; path = FSCalendarHeaderView.h; sourceTree = "<group>"; };
		C046D71F1F20A160002B6824 /* FSCalendarHeaderView.m */ = {isa = PBXFileReference; fileEncoding = 4; lastKnownFileType = sourcecode.c.objc; path = FSCalendarHeaderView.m; sourceTree = "<group>"; };
		C046D7201F20A160002B6824 /* FSCalendarScopeHandle.h */ = {isa = PBXFileReference; fileEncoding = 4; lastKnownFileType = sourcecode.c.h; path = FSCalendarScopeHandle.h; sourceTree = "<group>"; };
		C046D7211F20A160002B6824 /* FSCalendarScopeHandle.m */ = {isa = PBXFileReference; fileEncoding = 4; lastKnownFileType = sourcecode.c.objc; path = FSCalendarScopeHandle.m; sourceTree = "<group>"; };
		C046D7221F20A160002B6824 /* FSCalendarStickyHeader.h */ = {isa = PBXFileReference; fileEncoding = 4; lastKnownFileType = sourcecode.c.h; path = FSCalendarStickyHeader.h; sourceTree = "<group>"; };
		C046D7231F20A160002B6824 /* FSCalendarStickyHeader.m */ = {isa = PBXFileReference; fileEncoding = 4; lastKnownFileType = sourcecode.c.objc; path = FSCalendarStickyHeader.m; sourceTree = "<group>"; };
		C046D7241F20A160002B6824 /* FSCalendarTransitionCoordinator.h */ = {isa = PBXFileReference; fileEncoding = 4; lastKnownFileType = sourcecode.c.h; path = FSCalendarTransitionCoordinator.h; sourceTree = "<group>"; };
		C046D7251F20A160002B6824 /* FSCalendarTransitionCoordinator.m */ = {isa = PBXFileReference; fileEncoding = 4; lastKnownFileType = sourcecode.c.objc; path = FSCalendarTransitionCoordinator.m; sourceTree = "<group>"; };
		C046D7261F20A160002B6824 /* FSCalendarWeekdayView.h */ = {isa = PBXFileReference; fileEncoding = 4; lastKnownFileType = sourcecode.c.h; path = FSCalendarWeekdayView.h; sourceTree = "<group>"; };
		C046D7271F20A160002B6824 /* FSCalendarWeekdayView.m */ = {isa = PBXFileReference; fileEncoding = 4; lastKnownFileType = sourcecode.c.objc; path = FSCalendarWeekdayView.m; sourceTree = "<group>"; };
		C046D7281F20A160002B6824 /* MVBaseTableViewCell.h */ = {isa = PBXFileReference; fileEncoding = 4; lastKnownFileType = sourcecode.c.h; path = MVBaseTableViewCell.h; sourceTree = "<group>"; };
		C046D7291F20A160002B6824 /* MVBaseTableViewCell.m */ = {isa = PBXFileReference; fileEncoding = 4; lastKnownFileType = sourcecode.c.objc; path = MVBaseTableViewCell.m; sourceTree = "<group>"; };
		C046D72A1F20A160002B6824 /* MVNode.h */ = {isa = PBXFileReference; fileEncoding = 4; lastKnownFileType = sourcecode.c.h; path = MVNode.h; sourceTree = "<group>"; };
		C046D72B1F20A160002B6824 /* MVNode.m */ = {isa = PBXFileReference; fileEncoding = 4; lastKnownFileType = sourcecode.c.objc; path = MVNode.m; sourceTree = "<group>"; };
		C046D72C1F20A160002B6824 /* MVPCalenarConfigModel.h */ = {isa = PBXFileReference; fileEncoding = 4; lastKnownFileType = sourcecode.c.h; path = MVPCalenarConfigModel.h; sourceTree = "<group>"; };
		C046D72D1F20A160002B6824 /* MVPCalenarConfigModel.m */ = {isa = PBXFileReference; fileEncoding = 4; lastKnownFileType = sourcecode.c.objc; path = MVPCalenarConfigModel.m; sourceTree = "<group>"; };
		C046D72E1F20A160002B6824 /* MVPCalendarConfigModel.h */ = {isa = PBXFileReference; fileEncoding = 4; lastKnownFileType = sourcecode.c.h; path = MVPCalendarConfigModel.h; sourceTree = "<group>"; };
		C046D72F1F20A160002B6824 /* MVPCalendarConfigModel.m */ = {isa = PBXFileReference; fileEncoding = 4; lastKnownFileType = sourcecode.c.objc; path = MVPCalendarConfigModel.m; sourceTree = "<group>"; };
		C046D7301F20A160002B6824 /* MVPCalendarCustomViewController.h */ = {isa = PBXFileReference; fileEncoding = 4; lastKnownFileType = sourcecode.c.h; path = MVPCalendarCustomViewController.h; sourceTree = "<group>"; };
		C046D7311F20A160002B6824 /* MVPCalendarCustomViewController.m */ = {isa = PBXFileReference; fileEncoding = 4; lastKnownFileType = sourcecode.c.objc; path = MVPCalendarCustomViewController.m; sourceTree = "<group>"; };
		C046D7321F20A160002B6824 /* MVPCalendarDataSourceTools.h */ = {isa = PBXFileReference; fileEncoding = 4; lastKnownFileType = sourcecode.c.h; path = MVPCalendarDataSourceTools.h; sourceTree = "<group>"; };
		C046D7331F20A160002B6824 /* MVPCalendarDataSourceTools.m */ = {isa = PBXFileReference; fileEncoding = 4; lastKnownFileType = sourcecode.c.objc; path = MVPCalendarDataSourceTools.m; sourceTree = "<group>"; };
		C046D7341F20A160002B6824 /* MVPCalendarMonthViewController.h */ = {isa = PBXFileReference; fileEncoding = 4; lastKnownFileType = sourcecode.c.h; path = MVPCalendarMonthViewController.h; sourceTree = "<group>"; };
		C046D7351F20A160002B6824 /* MVPCalendarMonthViewController.m */ = {isa = PBXFileReference; fileEncoding = 4; lastKnownFileType = sourcecode.c.objc; path = MVPCalendarMonthViewController.m; sourceTree = "<group>"; };
		C046D7361F20A160002B6824 /* MVPCalendarResultModel.h */ = {isa = PBXFileReference; fileEncoding = 4; lastKnownFileType = sourcecode.c.h; path = MVPCalendarResultModel.h; sourceTree = "<group>"; };
		C046D7371F20A160002B6824 /* MVPCalendarResultModel.m */ = {isa = PBXFileReference; fileEncoding = 4; lastKnownFileType = sourcecode.c.objc; path = MVPCalendarResultModel.m; sourceTree = "<group>"; };
		C046D7381F20A160002B6824 /* MVPCalendarRootViewController.h */ = {isa = PBXFileReference; fileEncoding = 4; lastKnownFileType = sourcecode.c.h; path = MVPCalendarRootViewController.h; sourceTree = "<group>"; };
		C046D7391F20A160002B6824 /* MVPCalendarRootViewController.m */ = {isa = PBXFileReference; fileEncoding = 4; lastKnownFileType = sourcecode.c.objc; path = MVPCalendarRootViewController.m; sourceTree = "<group>"; };
		C046D73A1F20A160002B6824 /* MVPCalendarShadeView.h */ = {isa = PBXFileReference; fileEncoding = 4; lastKnownFileType = sourcecode.c.h; path = MVPCalendarShadeView.h; sourceTree = "<group>"; };
		C046D73B1F20A160002B6824 /* MVPCalendarShadeView.m */ = {isa = PBXFileReference; fileEncoding = 4; lastKnownFileType = sourcecode.c.objc; path = MVPCalendarShadeView.m; sourceTree = "<group>"; };
		C046D73C1F20A160002B6824 /* MVPCalendarTransformFestival.h */ = {isa = PBXFileReference; fileEncoding = 4; lastKnownFileType = sourcecode.c.h; path = MVPCalendarTransformFestival.h; sourceTree = "<group>"; };
		C046D73D1F20A160002B6824 /* MVPCalendarTransformFestival.m */ = {isa = PBXFileReference; fileEncoding = 4; lastKnownFileType = sourcecode.c.objc; path = MVPCalendarTransformFestival.m; sourceTree = "<group>"; };
		C046D73E1F20A160002B6824 /* MVPCalendarViewController.h */ = {isa = PBXFileReference; fileEncoding = 4; lastKnownFileType = sourcecode.c.h; path = MVPCalendarViewController.h; sourceTree = "<group>"; };
		C046D73F1F20A160002B6824 /* MVPCalendarViewController.m */ = {isa = PBXFileReference; fileEncoding = 4; lastKnownFileType = sourcecode.c.objc; path = MVPCalendarViewController.m; sourceTree = "<group>"; };
		C046D7401F20A160002B6824 /* MVPCalendarWeekViewController.h */ = {isa = PBXFileReference; fileEncoding = 4; lastKnownFileType = sourcecode.c.h; path = MVPCalendarWeekViewController.h; sourceTree = "<group>"; };
		C046D7411F20A160002B6824 /* MVPCalendarWeekViewController.m */ = {isa = PBXFileReference; fileEncoding = 4; lastKnownFileType = sourcecode.c.objc; path = MVPCalendarWeekViewController.m; sourceTree = "<group>"; };
		C046D7421F20A160002B6824 /* MVPCalendarYearViewController.h */ = {isa = PBXFileReference; fileEncoding = 4; lastKnownFileType = sourcecode.c.h; path = MVPCalendarYearViewController.h; sourceTree = "<group>"; };
		C046D7431F20A160002B6824 /* MVPCalendarYearViewController.m */ = {isa = PBXFileReference; fileEncoding = 4; lastKnownFileType = sourcecode.c.objc; path = MVPCalendarYearViewController.m; sourceTree = "<group>"; };
		C046D7441F20A160002B6824 /* MVPCommonUtils.h */ = {isa = PBXFileReference; fileEncoding = 4; lastKnownFileType = sourcecode.c.h; path = MVPCommonUtils.h; sourceTree = "<group>"; };
		C046D7451F20A160002B6824 /* MVPCommonUtils.m */ = {isa = PBXFileReference; fileEncoding = 4; lastKnownFileType = sourcecode.c.objc; path = MVPCommonUtils.m; sourceTree = "<group>"; };
		C046D7461F20A160002B6824 /* MVPConfirmMenuView.h */ = {isa = PBXFileReference; fileEncoding = 4; lastKnownFileType = sourcecode.c.h; path = MVPConfirmMenuView.h; sourceTree = "<group>"; };
		C046D7471F20A160002B6824 /* MVPConfirmMenuView.m */ = {isa = PBXFileReference; fileEncoding = 4; lastKnownFileType = sourcecode.c.objc; path = MVPConfirmMenuView.m; sourceTree = "<group>"; };
		C046D7481F20A160002B6824 /* MVPExtTableRow.h */ = {isa = PBXFileReference; fileEncoding = 4; lastKnownFileType = sourcecode.c.h; path = MVPExtTableRow.h; sourceTree = "<group>"; };
		C046D7491F20A160002B6824 /* MVPExtTableRow.m */ = {isa = PBXFileReference; fileEncoding = 4; lastKnownFileType = sourcecode.c.objc; path = MVPExtTableRow.m; sourceTree = "<group>"; };
		C046D74A1F20A160002B6824 /* MVPScheduleModel.h */ = {isa = PBXFileReference; fileEncoding = 4; lastKnownFileType = sourcecode.c.h; path = MVPScheduleModel.h; sourceTree = "<group>"; };
		C046D74B1F20A160002B6824 /* MVPScheduleModel.m */ = {isa = PBXFileReference; fileEncoding = 4; lastKnownFileType = sourcecode.c.objc; path = MVPScheduleModel.m; sourceTree = "<group>"; };
		C046D74C1F20A160002B6824 /* MVPScopeModel.h */ = {isa = PBXFileReference; fileEncoding = 4; lastKnownFileType = sourcecode.c.h; path = MVPScopeModel.h; sourceTree = "<group>"; };
		C046D74D1F20A160002B6824 /* MVPScopeModel.m */ = {isa = PBXFileReference; fileEncoding = 4; lastKnownFileType = sourcecode.c.objc; path = MVPScopeModel.m; sourceTree = "<group>"; };
		C046D74E1F20A160002B6824 /* MVPWeekTitleView.h */ = {isa = PBXFileReference; fileEncoding = 4; lastKnownFileType = sourcecode.c.h; path = MVPWeekTitleView.h; sourceTree = "<group>"; };
		C046D74F1F20A160002B6824 /* MVPWeekTitleView.m */ = {isa = PBXFileReference; fileEncoding = 4; lastKnownFileType = sourcecode.c.objc; path = MVPWeekTitleView.m; sourceTree = "<group>"; };
		C046D7501F20A160002B6824 /* MVPYearCell.h */ = {isa = PBXFileReference; fileEncoding = 4; lastKnownFileType = sourcecode.c.h; path = MVPYearCell.h; sourceTree = "<group>"; };
		C046D7511F20A160002B6824 /* MVPYearCell.m */ = {isa = PBXFileReference; fileEncoding = 4; lastKnownFileType = sourcecode.c.objc; path = MVPYearCell.m; sourceTree = "<group>"; };
		C046D7521F20A160002B6824 /* MVPYearRow.h */ = {isa = PBXFileReference; fileEncoding = 4; lastKnownFileType = sourcecode.c.h; path = MVPYearRow.h; sourceTree = "<group>"; };
		C046D7531F20A160002B6824 /* MVPYearRow.m */ = {isa = PBXFileReference; fileEncoding = 4; lastKnownFileType = sourcecode.c.objc; path = MVPYearRow.m; sourceTree = "<group>"; };
		C046D7541F20A160002B6824 /* MVPYearSection.h */ = {isa = PBXFileReference; fileEncoding = 4; lastKnownFileType = sourcecode.c.h; path = MVPYearSection.h; sourceTree = "<group>"; };
		C046D7551F20A160002B6824 /* MVPYearSection.m */ = {isa = PBXFileReference; fileEncoding = 4; lastKnownFileType = sourcecode.c.objc; path = MVPYearSection.m; sourceTree = "<group>"; };
		C046D7561F20A160002B6824 /* MVSegmentControl.h */ = {isa = PBXFileReference; fileEncoding = 4; lastKnownFileType = sourcecode.c.h; path = MVSegmentControl.h; sourceTree = "<group>"; };
		C046D7571F20A160002B6824 /* MVSegmentControl.m */ = {isa = PBXFileReference; fileEncoding = 4; lastKnownFileType = sourcecode.c.objc; path = MVSegmentControl.m; sourceTree = "<group>"; };
		C046D7581F20A160002B6824 /* MVSmoothSegmentControl.h */ = {isa = PBXFileReference; fileEncoding = 4; lastKnownFileType = sourcecode.c.h; path = MVSmoothSegmentControl.h; sourceTree = "<group>"; };
		C046D7591F20A160002B6824 /* MVSmoothSegmentControl.m */ = {isa = PBXFileReference; fileEncoding = 4; lastKnownFileType = sourcecode.c.objc; path = MVSmoothSegmentControl.m; sourceTree = "<group>"; };
		C046D75A1F20A160002B6824 /* MVTableBaseRow.h */ = {isa = PBXFileReference; fileEncoding = 4; lastKnownFileType = sourcecode.c.h; path = MVTableBaseRow.h; sourceTree = "<group>"; };
		C046D75B1F20A160002B6824 /* MVTableBaseRow.m */ = {isa = PBXFileReference; fileEncoding = 4; lastKnownFileType = sourcecode.c.objc; path = MVTableBaseRow.m; sourceTree = "<group>"; };
		C046D75C1F20A160002B6824 /* MVTableRow.h */ = {isa = PBXFileReference; fileEncoding = 4; lastKnownFileType = sourcecode.c.h; path = MVTableRow.h; sourceTree = "<group>"; };
		C046D75D1F20A160002B6824 /* MVTableRow.m */ = {isa = PBXFileReference; fileEncoding = 4; lastKnownFileType = sourcecode.c.objc; path = MVTableRow.m; sourceTree = "<group>"; };
		C046D75E1F20A160002B6824 /* MVTableSection.h */ = {isa = PBXFileReference; fileEncoding = 4; lastKnownFileType = sourcecode.c.h; path = MVTableSection.h; sourceTree = "<group>"; };
		C046D75F1F20A160002B6824 /* MVTableSection.m */ = {isa = PBXFileReference; fileEncoding = 4; lastKnownFileType = sourcecode.c.objc; path = MVTableSection.m; sourceTree = "<group>"; };
		C046D7601F20A160002B6824 /* MVTableView.h */ = {isa = PBXFileReference; fileEncoding = 4; lastKnownFileType = sourcecode.c.h; path = MVTableView.h; sourceTree = "<group>"; };
		C046D7611F20A160002B6824 /* MVTableView.m */ = {isa = PBXFileReference; fileEncoding = 4; lastKnownFileType = sourcecode.c.objc; path = MVTableView.m; sourceTree = "<group>"; };
		C046D7621F20A160002B6824 /* MVTableViewDataSource.h */ = {isa = PBXFileReference; fileEncoding = 4; lastKnownFileType = sourcecode.c.h; path = MVTableViewDataSource.h; sourceTree = "<group>"; };
		C046D7631F20A160002B6824 /* MVTableViewDataSource.m */ = {isa = PBXFileReference; fileEncoding = 4; lastKnownFileType = sourcecode.c.objc; path = MVTableViewDataSource.m; sourceTree = "<group>"; };
		C046D7641F20A160002B6824 /* MVTableViewDelegateProxy.h */ = {isa = PBXFileReference; fileEncoding = 4; lastKnownFileType = sourcecode.c.h; path = MVTableViewDelegateProxy.h; sourceTree = "<group>"; };
		C046D7651F20A160002B6824 /* MVTableViewDelegateProxy.m */ = {isa = PBXFileReference; fileEncoding = 4; lastKnownFileType = sourcecode.c.objc; path = MVTableViewDelegateProxy.m; sourceTree = "<group>"; };
		C046D7661F20A160002B6824 /* MVXibBasedTableRow.h */ = {isa = PBXFileReference; fileEncoding = 4; lastKnownFileType = sourcecode.c.h; path = MVXibBasedTableRow.h; sourceTree = "<group>"; };
		C046D7671F20A160002B6824 /* MVXibBasedTableRow.m */ = {isa = PBXFileReference; fileEncoding = 4; lastKnownFileType = sourcecode.c.objc; path = MVXibBasedTableRow.m; sourceTree = "<group>"; };
		C046D7681F20A160002B6824 /* NSArray+SHYUtil.h */ = {isa = PBXFileReference; fileEncoding = 4; lastKnownFileType = sourcecode.c.h; path = "NSArray+SHYUtil.h"; sourceTree = "<group>"; };
		C046D7691F20A160002B6824 /* NSArray+SHYUtil.m */ = {isa = PBXFileReference; fileEncoding = 4; lastKnownFileType = sourcecode.c.objc; path = "NSArray+SHYUtil.m"; sourceTree = "<group>"; };
		C046D76A1F20A160002B6824 /* NSString+SHYUtil.h */ = {isa = PBXFileReference; fileEncoding = 4; lastKnownFileType = sourcecode.c.h; path = "NSString+SHYUtil.h"; sourceTree = "<group>"; };
		C046D76B1F20A160002B6824 /* NSString+SHYUtil.m */ = {isa = PBXFileReference; fileEncoding = 4; lastKnownFileType = sourcecode.c.objc; path = "NSString+SHYUtil.m"; sourceTree = "<group>"; };
		C046D76C1F20A160002B6824 /* UIColor+SHYUtil.h */ = {isa = PBXFileReference; fileEncoding = 4; lastKnownFileType = sourcecode.c.h; path = "UIColor+SHYUtil.h"; sourceTree = "<group>"; };
		C046D76D1F20A160002B6824 /* UIColor+SHYUtil.m */ = {isa = PBXFileReference; fileEncoding = 4; lastKnownFileType = sourcecode.c.objc; path = "UIColor+SHYUtil.m"; sourceTree = "<group>"; };
		C45843E41E84EF5B00D88C0B /* WeexPluginCalendar.framework */ = {isa = PBXFileReference; explicitFileType = wrapper.framework; includeInIndex = 0; path = WeexPluginCalendar.framework; sourceTree = BUILT_PRODUCTS_DIR; };
		C45843EF1E84EF7B00D88C0B /* Info.plist */ = {isa = PBXFileReference; fileEncoding = 4; lastKnownFileType = text.plist.xml; path = Info.plist; sourceTree = "<group>"; };
		C45843F61E84F39100D88C0B /* WeexPluginCalendarModule.h */ = {isa = PBXFileReference; fileEncoding = 4; lastKnownFileType = sourcecode.c.h; path = WeexPluginCalendarModule.h; sourceTree = "<group>"; };
		C45843F71E84F39100D88C0B /* WeexPluginCalendarModule.m */ = {isa = PBXFileReference; fileEncoding = 4; lastKnownFileType = sourcecode.c.objc; path = WeexPluginCalendarModule.m; sourceTree = "<group>"; };
/* End PBXFileReference section */

/* Begin PBXFrameworksBuildPhase section */
		C45843E01E84EF5B00D88C0B /* Frameworks */ = {
			isa = PBXFrameworksBuildPhase;
			buildActionMask = 2147483647;
			files = (
				908B5200E64648428498611D /* libPods-WeexPluginCalendar.a in Frameworks */,
			);
			runOnlyForDeploymentPostprocessing = 0;
		};
/* End PBXFrameworksBuildPhase section */

/* Begin PBXGroup section */
		248CB2E7B700A3049EE0727E /* Frameworks */ = {
			isa = PBXGroup;
			children = (
				5C9E50106ACA92665B6B1172 /* libPods-WeexPluginCalendar.a */,
			);
			name = Frameworks;
			sourceTree = "<group>";
		};
		C45843DA1E84EF5B00D88C0B = {
			isa = PBXGroup;
			children = (
				C45843F11E84F39000D88C0B /* Sources */,
				C45843EF1E84EF7B00D88C0B /* Info.plist */,
				C45843E51E84EF5B00D88C0B /* Products */,
				DCA0321F3AC057FF2A8C84CB /* Pods */,
				248CB2E7B700A3049EE0727E /* Frameworks */,
			);
			sourceTree = "<group>";
		};
		C45843E51E84EF5B00D88C0B /* Products */ = {
			isa = PBXGroup;
			children = (
				C45843E41E84EF5B00D88C0B /* WeexPluginCalendar.framework */,
			);
			name = Products;
			sourceTree = "<group>";
		};
		C45843F11E84F39000D88C0B /* Sources */ = {
			isa = PBXGroup;
			children = (
				C046D7061F20A15F002B6824 /* DIYCalendarCell.h */,
				C046D7071F20A15F002B6824 /* DIYCalendarCell.m */,
				C046D7081F20A15F002B6824 /* FSCalendar.h */,
				C046D7091F20A15F002B6824 /* FSCalendar.m */,
				C046D70A1F20A15F002B6824 /* FSCalendar+Deprecated.m */,
				C046D70B1F20A15F002B6824 /* FSCalendarAppearance.h */,
				C046D70C1F20A15F002B6824 /* FSCalendarAppearance.m */,
				C046D70D1F20A15F002B6824 /* FSCalendarCalculator.h */,
				C046D70E1F20A15F002B6824 /* FSCalendarCalculator.m */,
				C046D70F1F20A15F002B6824 /* FSCalendarCell.h */,
				C046D7101F20A15F002B6824 /* FSCalendarCell.m */,
				C046D7111F20A15F002B6824 /* FSCalendarCollectionView.h */,
				C046D7121F20A15F002B6824 /* FSCalendarCollectionView.m */,
				C046D7131F20A15F002B6824 /* FSCalendarCollectionViewLayout.h */,
				C046D7141F20A15F002B6824 /* FSCalendarCollectionViewLayout.m */,
				C046D7151F20A15F002B6824 /* FSCalendarConstants.h */,
				C046D7161F20A15F002B6824 /* FSCalendarConstants.m */,
				C046D7171F20A15F002B6824 /* FSCalendarDelegationFactory.h */,
				C046D7181F20A15F002B6824 /* FSCalendarDelegationFactory.m */,
				C046D7191F20A15F002B6824 /* FSCalendarDelegationProxy.h */,
				C046D71A1F20A15F002B6824 /* FSCalendarDelegationProxy.m */,
				C046D71B1F20A160002B6824 /* FSCalendarDynamicHeader.h */,
				C046D71C1F20A160002B6824 /* FSCalendarExtensions.h */,
				C046D71D1F20A160002B6824 /* FSCalendarExtensions.m */,
				C046D71E1F20A160002B6824 /* FSCalendarHeaderView.h */,
				C046D71F1F20A160002B6824 /* FSCalendarHeaderView.m */,
				C046D7201F20A160002B6824 /* FSCalendarScopeHandle.h */,
				C046D7211F20A160002B6824 /* FSCalendarScopeHandle.m */,
				C046D7221F20A160002B6824 /* FSCalendarStickyHeader.h */,
				C046D7231F20A160002B6824 /* FSCalendarStickyHeader.m */,
				C046D7241F20A160002B6824 /* FSCalendarTransitionCoordinator.h */,
				C046D7251F20A160002B6824 /* FSCalendarTransitionCoordinator.m */,
				C046D7261F20A160002B6824 /* FSCalendarWeekdayView.h */,
				C046D7271F20A160002B6824 /* FSCalendarWeekdayView.m */,
				C046D7281F20A160002B6824 /* MVBaseTableViewCell.h */,
				C046D7291F20A160002B6824 /* MVBaseTableViewCell.m */,
				C046D72A1F20A160002B6824 /* MVNode.h */,
				C046D72B1F20A160002B6824 /* MVNode.m */,
				C046D72C1F20A160002B6824 /* MVPCalenarConfigModel.h */,
				C046D72D1F20A160002B6824 /* MVPCalenarConfigModel.m */,
				C046D72E1F20A160002B6824 /* MVPCalendarConfigModel.h */,
				C046D72F1F20A160002B6824 /* MVPCalendarConfigModel.m */,
				C046D7301F20A160002B6824 /* MVPCalendarCustomViewController.h */,
				C046D7311F20A160002B6824 /* MVPCalendarCustomViewController.m */,
				C046D7321F20A160002B6824 /* MVPCalendarDataSourceTools.h */,
				C046D7331F20A160002B6824 /* MVPCalendarDataSourceTools.m */,
				C046D7341F20A160002B6824 /* MVPCalendarMonthViewController.h */,
				C046D7351F20A160002B6824 /* MVPCalendarMonthViewController.m */,
				C046D7361F20A160002B6824 /* MVPCalendarResultModel.h */,
				C046D7371F20A160002B6824 /* MVPCalendarResultModel.m */,
				C046D7381F20A160002B6824 /* MVPCalendarRootViewController.h */,
				C046D7391F20A160002B6824 /* MVPCalendarRootViewController.m */,
				C046D73A1F20A160002B6824 /* MVPCalendarShadeView.h */,
				C046D73B1F20A160002B6824 /* MVPCalendarShadeView.m */,
				C046D73C1F20A160002B6824 /* MVPCalendarTransformFestival.h */,
				C046D73D1F20A160002B6824 /* MVPCalendarTransformFestival.m */,
				C046D73E1F20A160002B6824 /* MVPCalendarViewController.h */,
				C046D73F1F20A160002B6824 /* MVPCalendarViewController.m */,
				C046D7401F20A160002B6824 /* MVPCalendarWeekViewController.h */,
				C046D7411F20A160002B6824 /* MVPCalendarWeekViewController.m */,
				C046D7421F20A160002B6824 /* MVPCalendarYearViewController.h */,
				C046D7431F20A160002B6824 /* MVPCalendarYearViewController.m */,
				C046D7441F20A160002B6824 /* MVPCommonUtils.h */,
				C046D7451F20A160002B6824 /* MVPCommonUtils.m */,
				C046D7461F20A160002B6824 /* MVPConfirmMenuView.h */,
				C046D7471F20A160002B6824 /* MVPConfirmMenuView.m */,
				C046D7481F20A160002B6824 /* MVPExtTableRow.h */,
				C046D7491F20A160002B6824 /* MVPExtTableRow.m */,
				C046D74A1F20A160002B6824 /* MVPScheduleModel.h */,
				C046D74B1F20A160002B6824 /* MVPScheduleModel.m */,
				C046D74C1F20A160002B6824 /* MVPScopeModel.h */,
				C046D74D1F20A160002B6824 /* MVPScopeModel.m */,
				C046D74E1F20A160002B6824 /* MVPWeekTitleView.h */,
				C046D74F1F20A160002B6824 /* MVPWeekTitleView.m */,
				C046D7501F20A160002B6824 /* MVPYearCell.h */,
				C046D7511F20A160002B6824 /* MVPYearCell.m */,
				C046D7521F20A160002B6824 /* MVPYearRow.h */,
				C046D7531F20A160002B6824 /* MVPYearRow.m */,
				C046D7541F20A160002B6824 /* MVPYearSection.h */,
				C046D7551F20A160002B6824 /* MVPYearSection.m */,
				C046D7561F20A160002B6824 /* MVSegmentControl.h */,
				C046D7571F20A160002B6824 /* MVSegmentControl.m */,
				C046D7581F20A160002B6824 /* MVSmoothSegmentControl.h */,
				C046D7591F20A160002B6824 /* MVSmoothSegmentControl.m */,
				C046D75A1F20A160002B6824 /* MVTableBaseRow.h */,
				C046D75B1F20A160002B6824 /* MVTableBaseRow.m */,
				C046D75C1F20A160002B6824 /* MVTableRow.h */,
				C046D75D1F20A160002B6824 /* MVTableRow.m */,
				C046D75E1F20A160002B6824 /* MVTableSection.h */,
				C046D75F1F20A160002B6824 /* MVTableSection.m */,
				C046D7601F20A160002B6824 /* MVTableView.h */,
				C046D7611F20A160002B6824 /* MVTableView.m */,
				C046D7621F20A160002B6824 /* MVTableViewDataSource.h */,
				C046D7631F20A160002B6824 /* MVTableViewDataSource.m */,
				C046D7641F20A160002B6824 /* MVTableViewDelegateProxy.h */,
				C046D7651F20A160002B6824 /* MVTableViewDelegateProxy.m */,
				C046D7661F20A160002B6824 /* MVXibBasedTableRow.h */,
				C046D7671F20A160002B6824 /* MVXibBasedTableRow.m */,
				C046D7681F20A160002B6824 /* NSArray+SHYUtil.h */,
				C046D7691F20A160002B6824 /* NSArray+SHYUtil.m */,
				C046D76A1F20A160002B6824 /* NSString+SHYUtil.h */,
				C046D76B1F20A160002B6824 /* NSString+SHYUtil.m */,
				C046D76C1F20A160002B6824 /* UIColor+SHYUtil.h */,
				C046D76D1F20A160002B6824 /* UIColor+SHYUtil.m */,
				C45843F61E84F39100D88C0B /* WeexPluginCalendarModule.h */,
				C45843F71E84F39100D88C0B /* WeexPluginCalendarModule.m */,
			);
			path = Sources;
			sourceTree = "<group>";
		};
		DCA0321F3AC057FF2A8C84CB /* Pods */ = {
			isa = PBXGroup;
			children = (
				0F1C92092FF9562A4B475501 /* Pods-WeexPluginCalendar.debug.xcconfig */,
				87F9AEB97654FF7EEA032F16 /* Pods-WeexPluginCalendar.release.xcconfig */,
			);
			name = Pods;
			sourceTree = "<group>";
		};
/* End PBXGroup section */

/* Begin PBXHeadersBuildPhase section */
		C45843E11E84EF5B00D88C0B /* Headers */ = {
			isa = PBXHeadersBuildPhase;
			buildActionMask = 2147483647;
			files = (
				C45843FC1E84F39100D88C0B /* WeexPluginCalendarModule.h in Headers */,
				C046D7831F20A160002B6824 /* FSCalendarDynamicHeader.h in Headers */,
				C046D7B21F20A160002B6824 /* MVPScheduleModel.h in Headers */,
				C046D7A21F20A160002B6824 /* MVPCalendarShadeView.h in Headers */,
				C046D7B41F20A160002B6824 /* MVPScopeModel.h in Headers */,
				C046D7901F20A160002B6824 /* MVBaseTableViewCell.h in Headers */,
				C046D7941F20A160002B6824 /* MVPCalenarConfigModel.h in Headers */,
				C046D7D41F20A160002B6824 /* UIColor+SHYUtil.h in Headers */,
				C046D79A1F20A160002B6824 /* MVPCalendarDataSourceTools.h in Headers */,
				C046D7B01F20A160002B6824 /* MVPExtTableRow.h in Headers */,
				C046D7C21F20A160002B6824 /* MVTableBaseRow.h in Headers */,
				C046D78A1F20A160002B6824 /* FSCalendarStickyHeader.h in Headers */,
				C046D7881F20A160002B6824 /* FSCalendarScopeHandle.h in Headers */,
				C046D7BE1F20A160002B6824 /* MVSegmentControl.h in Headers */,
				C046D77D1F20A160002B6824 /* FSCalendarConstants.h in Headers */,
				C046D7C61F20A160002B6824 /* MVTableSection.h in Headers */,
				C046D7C41F20A160002B6824 /* MVTableRow.h in Headers */,
				C046D7C81F20A160002B6824 /* MVTableView.h in Headers */,
				C046D7D01F20A160002B6824 /* NSArray+SHYUtil.h in Headers */,
				C046D7751F20A160002B6824 /* FSCalendarCalculator.h in Headers */,
				C046D7701F20A160002B6824 /* FSCalendar.h in Headers */,
				C046D78E1F20A160002B6824 /* FSCalendarWeekdayView.h in Headers */,
				C046D79E1F20A160002B6824 /* MVPCalendarResultModel.h in Headers */,
				C046D7A61F20A160002B6824 /* MVPCalendarViewController.h in Headers */,
				C046D7A41F20A160002B6824 /* MVPCalendarTransformFestival.h in Headers */,
				C046D76E1F20A160002B6824 /* DIYCalendarCell.h in Headers */,
				C046D79C1F20A160002B6824 /* MVPCalendarMonthViewController.h in Headers */,
				C046D7811F20A160002B6824 /* FSCalendarDelegationProxy.h in Headers */,
				C046D7AA1F20A160002B6824 /* MVPCalendarYearViewController.h in Headers */,
				C046D7BA1F20A160002B6824 /* MVPYearRow.h in Headers */,
				C046D7B81F20A160002B6824 /* MVPYearCell.h in Headers */,
				C046D7B61F20A160002B6824 /* MVPWeekTitleView.h in Headers */,
				C046D7CA1F20A160002B6824 /* MVTableViewDataSource.h in Headers */,
				C046D7AE1F20A160002B6824 /* MVPConfirmMenuView.h in Headers */,
				C046D78C1F20A160002B6824 /* FSCalendarTransitionCoordinator.h in Headers */,
				C046D77B1F20A160002B6824 /* FSCalendarCollectionViewLayout.h in Headers */,
				C046D7961F20A160002B6824 /* MVPCalendarConfigModel.h in Headers */,
				C046D7791F20A160002B6824 /* FSCalendarCollectionView.h in Headers */,
				C046D7A01F20A160002B6824 /* MVPCalendarRootViewController.h in Headers */,
				C046D7CC1F20A160002B6824 /* MVTableViewDelegateProxy.h in Headers */,
				C046D7A81F20A160002B6824 /* MVPCalendarWeekViewController.h in Headers */,
				C046D7841F20A160002B6824 /* FSCalendarExtensions.h in Headers */,
				C046D7AC1F20A160002B6824 /* MVPCommonUtils.h in Headers */,
				C046D7CE1F20A160002B6824 /* MVXibBasedTableRow.h in Headers */,
				C046D7731F20A160002B6824 /* FSCalendarAppearance.h in Headers */,
				C046D77F1F20A160002B6824 /* FSCalendarDelegationFactory.h in Headers */,
				C046D7981F20A160002B6824 /* MVPCalendarCustomViewController.h in Headers */,
				C046D7C01F20A160002B6824 /* MVSmoothSegmentControl.h in Headers */,
				C046D7BC1F20A160002B6824 /* MVPYearSection.h in Headers */,
				C046D7771F20A160002B6824 /* FSCalendarCell.h in Headers */,
				C046D7D21F20A160002B6824 /* NSString+SHYUtil.h in Headers */,
				C046D7861F20A160002B6824 /* FSCalendarHeaderView.h in Headers */,
				C046D7921F20A160002B6824 /* MVNode.h in Headers */,
			);
			runOnlyForDeploymentPostprocessing = 0;
		};
/* End PBXHeadersBuildPhase section */

/* Begin PBXNativeTarget section */
		C45843E31E84EF5B00D88C0B /* WeexPluginCalendar */ = {
			isa = PBXNativeTarget;
			buildConfigurationList = C45843EC1E84EF5C00D88C0B /* Build configuration list for PBXNativeTarget "WeexPluginCalendar" */;
			buildPhases = (
				632ACA55BC2204B1168D1E27 /* [CP] Check Pods Manifest.lock */,
				C45843DF1E84EF5B00D88C0B /* Sources */,
				C45843E01E84EF5B00D88C0B /* Frameworks */,
				C45843E11E84EF5B00D88C0B /* Headers */,
				C45843E21E84EF5B00D88C0B /* Resources */,
				83EED6EACAA41B570EC05229 /* [CP] Copy Pods Resources */,
			);
			buildRules = (
			);
			dependencies = (
			);
			name = WeexPluginCalendar;
			productName = WeexPluginCalendar;
			productReference = C45843E41E84EF5B00D88C0B /* WeexPluginCalendar.framework */;
			productType = "com.apple.product-type.framework";
		};
/* End PBXNativeTarget section */

/* Begin PBXProject section */
		C45843DB1E84EF5B00D88C0B /* Project object */ = {
			isa = PBXProject;
			attributes = {
				LastUpgradeCheck = 0820;
				ORGANIZATIONNAME = weexplugin;
				TargetAttributes = {
					C45843E31E84EF5B00D88C0B = {
						CreatedOnToolsVersion = 8.2;
						ProvisioningStyle = Automatic;
					};
				};
			};
			buildConfigurationList = C45843DE1E84EF5B00D88C0B /* Build configuration list for PBXProject "WeexPluginCalendar" */;
			compatibilityVersion = "Xcode 3.2";
			developmentRegion = English;
			hasScannedForEncodings = 0;
			knownRegions = (
				en,
			);
			mainGroup = C45843DA1E84EF5B00D88C0B;
			productRefGroup = C45843E51E84EF5B00D88C0B /* Products */;
			projectDirPath = "";
			projectRoot = "";
			targets = (
				C45843E31E84EF5B00D88C0B /* WeexPluginCalendar */,
			);
		};
/* End PBXProject section */

/* Begin PBXResourcesBuildPhase section */
		C45843E21E84EF5B00D88C0B /* Resources */ = {
			isa = PBXResourcesBuildPhase;
			buildActionMask = 2147483647;
			files = (
				C45843F01E84EF7B00D88C0B /* Info.plist in Resources */,
			);
			runOnlyForDeploymentPostprocessing = 0;
		};
/* End PBXResourcesBuildPhase section */

/* Begin PBXShellScriptBuildPhase section */
		632ACA55BC2204B1168D1E27 /* [CP] Check Pods Manifest.lock */ = {
			isa = PBXShellScriptBuildPhase;
			buildActionMask = 2147483647;
			files = (
			);
			inputPaths = (
			);
			name = "[CP] Check Pods Manifest.lock";
			outputPaths = (
			);
			runOnlyForDeploymentPostprocessing = 0;
			shellPath = /bin/sh;
			shellScript = "diff \"${PODS_PODFILE_DIR_PATH}/Podfile.lock\" \"${PODS_ROOT}/Manifest.lock\" > /dev/null\nif [ $? != 0 ] ; then\n    # print error to STDERR\n    echo \"error: The sandbox is not in sync with the Podfile.lock. Run 'pod install' or update your CocoaPods installation.\" >&2\n    exit 1\nfi\n";
			showEnvVarsInLog = 0;
		};
		83EED6EACAA41B570EC05229 /* [CP] Copy Pods Resources */ = {
			isa = PBXShellScriptBuildPhase;
			buildActionMask = 2147483647;
			files = (
			);
			inputPaths = (
			);
			name = "[CP] Copy Pods Resources";
			outputPaths = (
			);
			runOnlyForDeploymentPostprocessing = 0;
			shellPath = /bin/sh;
			shellScript = "\"${SRCROOT}/Pods/Target Support Files/Pods-WeexPluginCalendar/Pods-WeexPluginCalendar-resources.sh\"\n";
			showEnvVarsInLog = 0;
		};
/* End PBXShellScriptBuildPhase section */

/* Begin PBXSourcesBuildPhase section */
		C45843DF1E84EF5B00D88C0B /* Sources */ = {
			isa = PBXSourcesBuildPhase;
			buildActionMask = 2147483647;
			files = (
				C046D7BF1F20A160002B6824 /* MVSegmentControl.m in Sources */,
				C046D7871F20A160002B6824 /* FSCalendarHeaderView.m in Sources */,
				C046D76F1F20A160002B6824 /* DIYCalendarCell.m in Sources */,
				C046D7CB1F20A160002B6824 /* MVTableViewDataSource.m in Sources */,
				C046D7C11F20A160002B6824 /* MVSmoothSegmentControl.m in Sources */,
				C046D7B31F20A160002B6824 /* MVPScheduleModel.m in Sources */,
				C046D7CD1F20A160002B6824 /* MVTableViewDelegateProxy.m in Sources */,
				C046D7AF1F20A160002B6824 /* MVPConfirmMenuView.m in Sources */,
				C046D7A31F20A160002B6824 /* MVPCalendarShadeView.m in Sources */,
				C046D7891F20A160002B6824 /* FSCalendarScopeHandle.m in Sources */,
				C046D7D31F20A160002B6824 /* NSString+SHYUtil.m in Sources */,
				C046D7781F20A160002B6824 /* FSCalendarCell.m in Sources */,
				C046D7931F20A160002B6824 /* MVNode.m in Sources */,
				C046D7801F20A160002B6824 /* FSCalendarDelegationFactory.m in Sources */,
				C046D7BD1F20A160002B6824 /* MVPYearSection.m in Sources */,
				C046D7A91F20A160002B6824 /* MVPCalendarWeekViewController.m in Sources */,
				C046D7821F20A160002B6824 /* FSCalendarDelegationProxy.m in Sources */,
				C046D78B1F20A160002B6824 /* FSCalendarStickyHeader.m in Sources */,
				C046D7B51F20A160002B6824 /* MVPScopeModel.m in Sources */,
				C046D7B71F20A160002B6824 /* MVPWeekTitleView.m in Sources */,
				C046D7A51F20A160002B6824 /* MVPCalendarTransformFestival.m in Sources */,
				C046D79F1F20A160002B6824 /* MVPCalendarResultModel.m in Sources */,
				C046D78D1F20A160002B6824 /* FSCalendarTransitionCoordinator.m in Sources */,
				C046D7911F20A160002B6824 /* MVBaseTableViewCell.m in Sources */,
				C046D7721F20A160002B6824 /* FSCalendar+Deprecated.m in Sources */,
				C046D7991F20A160002B6824 /* MVPCalendarCustomViewController.m in Sources */,
				C046D7D51F20A160002B6824 /* UIColor+SHYUtil.m in Sources */,
				C046D7971F20A160002B6824 /* MVPCalendarConfigModel.m in Sources */,
				C046D7CF1F20A160002B6824 /* MVXibBasedTableRow.m in Sources */,
				C046D7C51F20A160002B6824 /* MVTableRow.m in Sources */,
				C046D77C1F20A160002B6824 /* FSCalendarCollectionViewLayout.m in Sources */,
				C046D7C31F20A160002B6824 /* MVTableBaseRow.m in Sources */,
				C046D78F1F20A160002B6824 /* FSCalendarWeekdayView.m in Sources */,
				C046D7B11F20A160002B6824 /* MVPExtTableRow.m in Sources */,
				C046D7D11F20A160002B6824 /* NSArray+SHYUtil.m in Sources */,
				C046D7761F20A160002B6824 /* FSCalendarCalculator.m in Sources */,
				C046D79B1F20A160002B6824 /* MVPCalendarDataSourceTools.m in Sources */,
				C046D7AD1F20A160002B6824 /* MVPCommonUtils.m in Sources */,
				C046D7BB1F20A160002B6824 /* MVPYearRow.m in Sources */,
				C45843FD1E84F39100D88C0B /* WeexPluginCalendarModule.m in Sources */,
				C046D77E1F20A160002B6824 /* FSCalendarConstants.m in Sources */,
				C046D7AB1F20A160002B6824 /* MVPCalendarYearViewController.m in Sources */,
				C046D7711F20A160002B6824 /* FSCalendar.m in Sources */,
				C046D7741F20A160002B6824 /* FSCalendarAppearance.m in Sources */,
				C046D77A1F20A160002B6824 /* FSCalendarCollectionView.m in Sources */,
				C046D79D1F20A160002B6824 /* MVPCalendarMonthViewController.m in Sources */,
				C046D7851F20A160002B6824 /* FSCalendarExtensions.m in Sources */,
				C046D7C71F20A160002B6824 /* MVTableSection.m in Sources */,
				C046D7A11F20A160002B6824 /* MVPCalendarRootViewController.m in Sources */,
				C046D7A71F20A160002B6824 /* MVPCalendarViewController.m in Sources */,
				C046D7C91F20A160002B6824 /* MVTableView.m in Sources */,
				C046D7B91F20A160002B6824 /* MVPYearCell.m in Sources */,
				C046D7951F20A160002B6824 /* MVPCalenarConfigModel.m in Sources */,
			);
			runOnlyForDeploymentPostprocessing = 0;
		};
/* End PBXSourcesBuildPhase section */

/* Begin XCBuildConfiguration section */
		C45843EA1E84EF5C00D88C0B /* Debug */ = {
			isa = XCBuildConfiguration;
			buildSettings = {
				ALWAYS_SEARCH_USER_PATHS = NO;
				CLANG_ANALYZER_NONNULL = YES;
				CLANG_CXX_LANGUAGE_STANDARD = "gnu++0x";
				CLANG_CXX_LIBRARY = "libc++";
				CLANG_ENABLE_MODULES = YES;
				CLANG_ENABLE_OBJC_ARC = YES;
				CLANG_WARN_BOOL_CONVERSION = YES;
				CLANG_WARN_CONSTANT_CONVERSION = YES;
				CLANG_WARN_DIRECT_OBJC_ISA_USAGE = YES_ERROR;
				CLANG_WARN_DOCUMENTATION_COMMENTS = YES;
				CLANG_WARN_EMPTY_BODY = YES;
				CLANG_WARN_ENUM_CONVERSION = YES;
				CLANG_WARN_INFINITE_RECURSION = YES;
				CLANG_WARN_INT_CONVERSION = YES;
				CLANG_WARN_OBJC_ROOT_CLASS = YES_ERROR;
				CLANG_WARN_SUSPICIOUS_MOVE = YES;
				CLANG_WARN_UNREACHABLE_CODE = YES;
				CLANG_WARN__DUPLICATE_METHOD_MATCH = YES;
				"CODE_SIGN_IDENTITY[sdk=iphoneos*]" = "iPhone Developer";
				COPY_PHASE_STRIP = NO;
				CURRENT_PROJECT_VERSION = 1;
				DEBUG_INFORMATION_FORMAT = dwarf;
				ENABLE_STRICT_OBJC_MSGSEND = YES;
				ENABLE_TESTABILITY = YES;
				GCC_C_LANGUAGE_STANDARD = gnu99;
				GCC_DYNAMIC_NO_PIC = NO;
				GCC_NO_COMMON_BLOCKS = YES;
				GCC_OPTIMIZATION_LEVEL = 0;
				GCC_PREPROCESSOR_DEFINITIONS = (
					"DEBUG=1",
					"$(inherited)",
				);
				GCC_WARN_64_TO_32_BIT_CONVERSION = YES;
				GCC_WARN_ABOUT_RETURN_TYPE = YES_ERROR;
				GCC_WARN_UNDECLARED_SELECTOR = YES;
				GCC_WARN_UNINITIALIZED_AUTOS = YES_AGGRESSIVE;
				GCC_WARN_UNUSED_FUNCTION = YES;
				GCC_WARN_UNUSED_VARIABLE = YES;
				IPHONEOS_DEPLOYMENT_TARGET = 7.0;
				MTL_ENABLE_DEBUG_INFO = YES;
				ONLY_ACTIVE_ARCH = YES;
				SDKROOT = iphoneos;
				TARGETED_DEVICE_FAMILY = "1,2";
				VERSIONING_SYSTEM = "apple-generic";
				VERSION_INFO_PREFIX = "";
			};
			name = Debug;
		};
		C45843EB1E84EF5C00D88C0B /* Release */ = {
			isa = XCBuildConfiguration;
			buildSettings = {
				ALWAYS_SEARCH_USER_PATHS = NO;
				CLANG_ANALYZER_NONNULL = YES;
				CLANG_CXX_LANGUAGE_STANDARD = "gnu++0x";
				CLANG_CXX_LIBRARY = "libc++";
				CLANG_ENABLE_MODULES = YES;
				CLANG_ENABLE_OBJC_ARC = YES;
				CLANG_WARN_BOOL_CONVERSION = YES;
				CLANG_WARN_CONSTANT_CONVERSION = YES;
				CLANG_WARN_DIRECT_OBJC_ISA_USAGE = YES_ERROR;
				CLANG_WARN_DOCUMENTATION_COMMENTS = YES;
				CLANG_WARN_EMPTY_BODY = YES;
				CLANG_WARN_ENUM_CONVERSION = YES;
				CLANG_WARN_INFINITE_RECURSION = YES;
				CLANG_WARN_INT_CONVERSION = YES;
				CLANG_WARN_OBJC_ROOT_CLASS = YES_ERROR;
				CLANG_WARN_SUSPICIOUS_MOVE = YES;
				CLANG_WARN_UNREACHABLE_CODE = YES;
				CLANG_WARN__DUPLICATE_METHOD_MATCH = YES;
				"CODE_SIGN_IDENTITY[sdk=iphoneos*]" = "iPhone Developer";
				COPY_PHASE_STRIP = NO;
				CURRENT_PROJECT_VERSION = 1;
				DEBUG_INFORMATION_FORMAT = "dwarf-with-dsym";
				ENABLE_NS_ASSERTIONS = NO;
				ENABLE_STRICT_OBJC_MSGSEND = YES;
				GCC_C_LANGUAGE_STANDARD = gnu99;
				GCC_NO_COMMON_BLOCKS = YES;
				GCC_WARN_64_TO_32_BIT_CONVERSION = YES;
				GCC_WARN_ABOUT_RETURN_TYPE = YES_ERROR;
				GCC_WARN_UNDECLARED_SELECTOR = YES;
				GCC_WARN_UNINITIALIZED_AUTOS = YES_AGGRESSIVE;
				GCC_WARN_UNUSED_FUNCTION = YES;
				GCC_WARN_UNUSED_VARIABLE = YES;
				IPHONEOS_DEPLOYMENT_TARGET = 7.0;
				MTL_ENABLE_DEBUG_INFO = NO;
				SDKROOT = iphoneos;
				TARGETED_DEVICE_FAMILY = "1,2";
				VALIDATE_PRODUCT = YES;
				VERSIONING_SYSTEM = "apple-generic";
				VERSION_INFO_PREFIX = "";
			};
			name = Release;
		};
		C45843ED1E84EF5C00D88C0B /* Debug */ = {
			isa = XCBuildConfiguration;
			baseConfigurationReference = 0F1C92092FF9562A4B475501 /* Pods-WeexPluginCalendar.debug.xcconfig */;
			buildSettings = {
				CODE_SIGN_IDENTITY = "";
				DEFINES_MODULE = YES;
				DYLIB_COMPATIBILITY_VERSION = 1;
				DYLIB_CURRENT_VERSION = 1;
				DYLIB_INSTALL_NAME_BASE = "@rpath";
				INFOPLIST_FILE = "$(SRCROOT)/Info.plist";
				INSTALL_PATH = "$(LOCAL_LIBRARY_DIR)/Frameworks";
				IPHONEOS_DEPLOYMENT_TARGET = 7.0;
				LD_RUNPATH_SEARCH_PATHS = "$(inherited) @executable_path/Frameworks @loader_path/Frameworks";
				MACH_O_TYPE = staticlib;
				PRODUCT_BUNDLE_IDENTIFIER = com.weexplugin.WeexPluginCalendar;
				PRODUCT_NAME = "$(TARGET_NAME)";
				SKIP_INSTALL = YES;
				TARGETED_DEVICE_FAMILY = 1;
				VALID_ARCHS = "arm64 armv7";
			};
			name = Debug;
		};
		C45843EE1E84EF5C00D88C0B /* Release */ = {
			isa = XCBuildConfiguration;
			baseConfigurationReference = 87F9AEB97654FF7EEA032F16 /* Pods-WeexPluginCalendar.release.xcconfig */;
			buildSettings = {
				CODE_SIGN_IDENTITY = "";
				DEFINES_MODULE = YES;
				DYLIB_COMPATIBILITY_VERSION = 1;
				DYLIB_CURRENT_VERSION = 1;
				DYLIB_INSTALL_NAME_BASE = "@rpath";
				INFOPLIST_FILE = "$(SRCROOT)/Info.plist";
				INSTALL_PATH = "$(LOCAL_LIBRARY_DIR)/Frameworks";
				IPHONEOS_DEPLOYMENT_TARGET = 7.0;
				LD_RUNPATH_SEARCH_PATHS = "$(inherited) @executable_path/Frameworks @loader_path/Frameworks";
				MACH_O_TYPE = staticlib;
				PRODUCT_BUNDLE_IDENTIFIER = com.weexplugin.WeexPluginCalendar;
				PRODUCT_NAME = "$(TARGET_NAME)";
				SKIP_INSTALL = YES;
				TARGETED_DEVICE_FAMILY = 1;
				VALID_ARCHS = "arm64 armv7";
			};
			name = Release;
		};
/* End XCBuildConfiguration section */

/* Begin XCConfigurationList section */
		C45843DE1E84EF5B00D88C0B /* Build configuration list for PBXProject "WeexPluginCalendar" */ = {
			isa = XCConfigurationList;
			buildConfigurations = (
				C45843EA1E84EF5C00D88C0B /* Debug */,
				C45843EB1E84EF5C00D88C0B /* Release */,
			);
			defaultConfigurationIsVisible = 0;
			defaultConfigurationName = Release;
		};
		C45843EC1E84EF5C00D88C0B /* Build configuration list for PBXNativeTarget "WeexPluginCalendar" */ = {
			isa = XCConfigurationList;
			buildConfigurations = (
				C45843ED1E84EF5C00D88C0B /* Debug */,
				C45843EE1E84EF5C00D88C0B /* Release */,
			);
			defaultConfigurationIsVisible = 0;
			defaultConfigurationName = Release;
		};
/* End XCConfigurationList section */
	};
	rootObject = C45843DB1E84EF5B00D88C0B /* Project object */;
}
